
Microsoft Visual Studio Solution File, Format Version 12.00
# Visual Studio Version 17
VisualStudioVersion = 17.0.31912.275
MinimumVisualStudioVersion = 10.0.40219.1
Project("{FAE04EC0-301F-11D3-BF4B-00C04F79EFBC}") = "API", "API\API.csproj", "{D6F44A57-06E1-4315-B240-EC6C7F3EF99C}"
EndProject
Project("{FAE04EC0-301F-11D3-BF4B-00C04F79EFBC}") = "Core", "Core\Core.csproj", "{846C2209-5BB4-4427-8AAC-525B803F1CDA}"
EndProject
Project("{FAE04EC0-301F-11D3-BF4B-00C04F79EFBC}") = "Infrastructure", "Infrastructure\Infrastructure.csproj", "{006F85B8-6AB8-405B-A0B8-FB00A4ECDDCC}"
EndProject
Global
	GlobalSection(SolutionConfigurationPlatforms) = preSolution
		Debug|Any CPU = Debug|Any CPU
		Release|Any CPU = Release|Any CPU
	EndGlobalSection
	GlobalSection(ProjectConfigurationPlatforms) = postSolution
		{D6F44A57-06E1-4315-B240-EC6C7F3EF99C}.Debug|Any CPU.ActiveCfg = Debug|Any CPU
		{D6F44A57-06E1-4315-B240-EC6C7F3EF99C}.Debug|Any CPU.Build.0 = Debug|Any CPU
		{D6F44A57-06E1-4315-B240-EC6C7F3EF99C}.Release|Any CPU.ActiveCfg = Release|Any CPU
		{D6F44A57-06E1-4315-B240-EC6C7F3EF99C}.Release|Any CPU.Build.0 = Release|Any CPU
		{846C2209-5BB4-4427-8AAC-525B803F1CDA}.Debug|Any CPU.ActiveCfg = Debug|Any CPU
		{846C2209-5BB4-4427-8AAC-525B803F1CDA}.Debug|Any CPU.Build.0 = Debug|Any CPU
		{846C2209-5BB4-4427-8AAC-525B803F1CDA}.Release|Any CPU.ActiveCfg = Release|Any CPU
		{846C2209-5BB4-4427-8AAC-525B803F1CDA}.Release|Any CPU.Build.0 = Release|Any CPU
		{006F85B8-6AB8-405B-A0B8-FB00A4ECDDCC}.Debug|Any CPU.ActiveCfg = Debug|Any CPU
		{006F85B8-6AB8-405B-A0B8-FB00A4ECDDCC}.Debug|Any CPU.Build.0 = Debug|Any CPU
		{006F85B8-6AB8-405B-A0B8-FB00A4ECDDCC}.Release|Any CPU.ActiveCfg = Release|Any CPU
		{006F85B8-6AB8-405B-A0B8-FB00A4ECDDCC}.Release|Any CPU.Build.0 = Release|Any CPU
	EndGlobalSection
	GlobalSection(SolutionProperties) = preSolution
		HideSolutionNode = FALSE
	EndGlobalSection
	GlobalSection(ExtensibilityGlobals) = postSolution
		SolutionGuid = {77028559-06F8-4538-ADD4-F7F4124C8429}
	EndGlobalSection
EndGlobal
